
Microsoft Visual Studio Solution File, Format Version 12.00
# Visual Studio Version 17
VisualStudioVersion = 17.7.34018.315
MinimumVisualStudioVersion = 10.0.40219.1
Project("{FAE04EC0-301F-11D3-BF4B-00C04F79EFBC}") = "BDTask-JonSiv", "BDTask-JonSiv\BDTask-JonSiv.csproj", "{01D19AE9-A1FF-4303-BB62-DC4AF3F02991}"
EndProject
Global
	GlobalSection(SolutionConfigurationPlatforms) = preSolution
		Debug|Any CPU = Debug|Any CPU
		Release|Any CPU = Release|Any CPU
	EndGlobalSection
	GlobalSection(ProjectConfigurationPlatforms) = postSolution
		{01D19AE9-A1FF-4303-BB62-DC4AF3F02991}.Debug|Any CPU.ActiveCfg = Debug|Any CPU
		{01D19AE9-A1FF-4303-BB62-DC4AF3F02991}.Debug|Any CPU.Build.0 = Debug|Any CPU
		{01D19AE9-A1FF-4303-BB62-DC4AF3F02991}.Release|Any CPU.ActiveCfg = Release|Any CPU
		{01D19AE9-A1FF-4303-BB62-DC4AF3F02991}.Release|Any CPU.Build.0 = Release|Any CPU
	EndGlobalSection
	GlobalSection(SolutionProperties) = preSolution
		HideSolutionNode = FALSE
	EndGlobalSection
	GlobalSection(ExtensibilityGlobals) = postSolution
		SolutionGuid = {97DEE556-E1CA-4C3E-98E7-08F27D1AEEA8}
	EndGlobalSection
EndGlobal
